
Microsoft Visual Studio Solution File, Format Version 12.00
# Visual Studio Version 16
VisualStudioVersion = 25.0.1706.8
MinimumVisualStudioVersion = 10.0.40219.1
Project("{FAE04EC0-301F-11D3-BF4B-00C04F79EFBC}") = "CampusHub.Context.Migrations.PgSql", "CampusHub.Context.Migrations.PgSql.csproj", "{6DCBDB17-9F6F-4344-B945-5A184B7D07D6}"
EndProject
Global
	GlobalSection(SolutionConfigurationPlatforms) = preSolution
		Debug|Any CPU = Debug|Any CPU
		Release|Any CPU = Release|Any CPU
	EndGlobalSection
	GlobalSection(ProjectConfigurationPlatforms) = postSolution
		{6DCBDB17-9F6F-4344-B945-5A184B7D07D6}.Debug|Any CPU.ActiveCfg = Debug|Any CPU
		{6DCBDB17-9F6F-4344-B945-5A184B7D07D6}.Debug|Any CPU.Build.0 = Debug|Any CPU
		{6DCBDB17-9F6F-4344-B945-5A184B7D07D6}.Release|Any CPU.ActiveCfg = Release|Any CPU
		{6DCBDB17-9F6F-4344-B945-5A184B7D07D6}.Release|Any CPU.Build.0 = Release|Any CPU
	EndGlobalSection
	GlobalSection(SolutionProperties) = preSolution
		HideSolutionNode = FALSE
	EndGlobalSection
	GlobalSection(ExtensibilityGlobals) = postSolution
		SolutionGuid = {68BE225E-FF6A-440E-8E1B-A2F29E080CE6}
	EndGlobalSection
EndGlobal
